							
Microsoft Visual Studio Solution File, Format Version 12.00
# Visual Studio Version 17
VisualStudioVersion = 17.0.31903.59
MinimumVisualStudioVersion = 10.0.40219.1
Project("{FAE04EC0-301F-11D3-BF4B-00C04F79EFBC}") = "MyShop.Api", "MyShop.Api\MyShop.Api.csproj", "{E5FD1D1A-DAD7-44F3-B912-70E408AE98E9}"
EndProject
Project("{FAE04EC0-301F-11D3-BF4B-00C04F79EFBC}") = "MyShop.Core", "MyShop.Core\MyShop.Core.csproj", "{CE432231-9B12-4CE7-876D-10E1076E16ED}"
EndProject
Project("{FAE04EC0-301F-11D3-BF4B-00C04F79EFBC}") = "MyShop.App", "MyShop.App\MyShop.App.csproj", "{8267758D-306A-4058-B5CB-CA2D09493BBB}"
EndProject
Global
	GlobalSection(SolutionConfigurationPlatforms) = preSolution
		Debug|Any CPU = Debug|Any CPU
		Debug|x64 = Debug|x64
		Debug|x86 = Debug|x86
		Release|Any CPU = Release|Any CPU
		Release|x64 = Release|x64
		Release|x86 = Release|x86
	EndGlobalSection
	GlobalSection(ProjectConfigurationPlatforms) = postSolution
		{E5FD1D1A-DAD7-44F3-B912-70E408AE98E9}.Debug|Any CPU.ActiveCfg = Debug|Any CPU
		{E5FD1D1A-DAD7-44F3-B912-70E408AE98E9}.Debug|Any CPU.Build.0 = Debug|Any CPU
		{E5FD1D1A-DAD7-44F3-B912-70E408AE98E9}.Debug|x64.ActiveCfg = Debug|Any CPU
		{E5FD1D1A-DAD7-44F3-B912-70E408AE98E9}.Debug|x64.Build.0 = Debug|Any CPU
		{E5FD1D1A-DAD7-44F3-B912-70E408AE98E9}.Debug|x86.ActiveCfg = Debug|Any CPU
		{E5FD1D1A-DAD7-44F3-B912-70E408AE98E9}.Debug|x86.Build.0 = Debug|Any CPU
		{E5FD1D1A-DAD7-44F3-B912-70E408AE98E9}.Release|Any CPU.ActiveCfg = Release|Any CPU
		{E5FD1D1A-DAD7-44F3-B912-70E408AE98E9}.Release|Any CPU.Build.0 = Release|Any CPU
		{E5FD1D1A-DAD7-44F3-B912-70E408AE98E9}.Release|x64.ActiveCfg = Release|Any CPU
		{E5FD1D1A-DAD7-44F3-B912-70E408AE98E9}.Release|x64.Build.0 = Release|Any CPU
		{E5FD1D1A-DAD7-44F3-B912-70E408AE98E9}.Release|x86.ActiveCfg = Release|Any CPU
		{E5FD1D1A-DAD7-44F3-B912-70E408AE98E9}.Release|x86.Build.0 = Release|Any CPU
		{CE432231-9B12-4CE7-876D-10E1076E16ED}.Debug|Any CPU.ActiveCfg = Debug|Any CPU
		{CE432231-9B12-4CE7-876D-10E1076E16ED}.Debug|Any CPU.Build.0 = Debug|Any CPU
		{CE432231-9B12-4CE7-876D-10E1076E16ED}.Debug|x64.ActiveCfg = Debug|Any CPU
		{CE432231-9B12-4CE7-876D-10E1076E16ED}.Debug|x64.Build.0 = Debug|Any CPU
		{CE432231-9B12-4CE7-876D-10E1076E16ED}.Debug|x86.ActiveCfg = Debug|Any CPU
		{CE432231-9B12-4CE7-876D-10E1076E16ED}.Debug|x86.Build.0 = Debug|Any CPU
		{CE432231-9B12-4CE7-876D-10E1076E16ED}.Release|Any CPU.ActiveCfg = Release|Any CPU
		{CE432231-9B12-4CE7-876D-10E1076E16ED}.Release|Any CPU.Build.0 = Release|Any CPU
		{CE432231-9B12-4CE7-876D-10E1076E16ED}.Release|x64.ActiveCfg = Release|Any CPU
		{CE432231-9B12-4CE7-876D-10E1076E16ED}.Release|x64.Build.0 = Release|Any CPU
		{CE432231-9B12-4CE7-876D-10E1076E16ED}.Release|x86.ActiveCfg = Release|Any CPU
		{CE432231-9B12-4CE7-876D-10E1076E16ED}.Release|x86.Build.0 = Release|Any CPU
		{8267758D-306A-4058-B5CB-CA2D09493BBB}.Debug|Any CPU.ActiveCfg = Debug|Any CPU
		{8267758D-306A-4058-B5CB-CA2D09493BBB}.Debug|Any CPU.Build.0 = Debug|Any CPU
		{8267758D-306A-4058-B5CB-CA2D09493BBB}.Debug|x64.ActiveCfg = Debug|Any CPU
		{8267758D-306A-4058-B5CB-CA2D09493BBB}.Debug|x64.Build.0 = Debug|Any CPU
		{8267758D-306A-4058-B5CB-CA2D09493BBB}.Debug|x86.ActiveCfg = Debug|Any CPU
		{8267758D-306A-4058-B5CB-CA2D09493BBB}.Debug|x86.Build.0 = Debug|Any CPU
		{8267758D-306A-4058-B5CB-CA2D09493BBB}.Release|Any CPU.ActiveCfg = Release|Any CPU
		{8267758D-306A-4058-B5CB-CA2D09493BBB}.Release|Any CPU.Build.0 = Release|Any CPU
		{8267758D-306A-4058-B5CB-CA2D09493BBB}.Release|x64.ActiveCfg = Release|Any CPU
		{8267758D-306A-4058-B5CB-CA2D09493BBB}.Release|x64.Build.0 = Release|Any CPU
		{8267758D-306A-4058-B5CB-CA2D09493BBB}.Release|x86.ActiveCfg = Release|Any CPU
		{8267758D-306A-4058-B5CB-CA2D09493BBB}.Release|x86.Build.0 = Release|Any CPU
	EndGlobalSection
	GlobalSection(SolutionProperties) = preSolution
		HideSolutionNode = FALSE
	EndGlobalSection
EndGlobal
