
Microsoft Visual Studio Solution File, Format Version 12.00
# Visual Studio Version 17
VisualStudioVersion = 17.0.31903.59
MinimumVisualStudioVersion = 10.0.40219.1
Project("{FAE04EC0-301F-11D3-BF4B-00C04F79EFBC}") = "MyShop.Api", "MyShop.Api\MyShop.Api.csproj", "{E5FD1D1A-DAD7-44F3-B912-70E408AE98E9}"
EndProject
Project("{FAE04EC0-301F-11D3-BF4B-00C04F79EFBC}") = "MyShop.Core", "MyShop.Core\MyShop.Core.csproj", "{CE432231-9B12-4CE7-876D-10E1076E16ED}"
EndProject
Project("{FAE04EC0-301F-11D3-BF4B-00C04F79EFBC}") = "MyShop.App", "MyShop.App\MyShop.App\MyShop.App.csproj", "{87EFE7E5-8B9C-4427-BA12-E7E833395515}"
EndProject
Project("{FAE04EC0-301F-11D3-BF4B-00C04F79EFBC}") = "MyShop.App.Client", "MyShop.App\MyShop.App.Client\MyShop.App.Client.csproj", "{1654C95A-6CE8-42D3-B434-91F50D584583}"
EndProject
Project("{FAE04EC0-301F-11D3-BF4B-00C04F79EFBC}") = "MyShop.App", "MyShop.App\MyShop.App\MyShop.App.csproj", "{4CC3FA07-C819-4B30-9EE2-1CF726A8A1F7}"
EndProject
Project("{FAE04EC0-301F-11D3-BF4B-00C04F79EFBC}") = "MyShop.App.Client", "MyShop.App\MyShop.App.Client\MyShop.App.Client.csproj", "{397BED37-9DFF-4449-B291-8727B3C25B65}"
EndProject
Global
	GlobalSection(SolutionConfigurationPlatforms) = preSolution
		Debug|Any CPU = Debug|Any CPU
		Debug|x64 = Debug|x64
		Debug|x86 = Debug|x86
		Release|Any CPU = Release|Any CPU
		Release|x64 = Release|x64
		Release|x86 = Release|x86
	EndGlobalSection
	GlobalSection(ProjectConfigurationPlatforms) = postSolution
		{E5FD1D1A-DAD7-44F3-B912-70E408AE98E9}.Debug|Any CPU.ActiveCfg = Debug|Any CPU
		{E5FD1D1A-DAD7-44F3-B912-70E408AE98E9}.Debug|Any CPU.Build.0 = Debug|Any CPU
		{E5FD1D1A-DAD7-44F3-B912-70E408AE98E9}.Debug|x64.ActiveCfg = Debug|Any CPU
		{E5FD1D1A-DAD7-44F3-B912-70E408AE98E9}.Debug|x64.Build.0 = Debug|Any CPU
		{E5FD1D1A-DAD7-44F3-B912-70E408AE98E9}.Debug|x86.ActiveCfg = Debug|Any CPU
		{E5FD1D1A-DAD7-44F3-B912-70E408AE98E9}.Debug|x86.Build.0 = Debug|Any CPU
		{E5FD1D1A-DAD7-44F3-B912-70E408AE98E9}.Release|Any CPU.ActiveCfg = Release|Any CPU
		{E5FD1D1A-DAD7-44F3-B912-70E408AE98E9}.Release|Any CPU.Build.0 = Release|Any CPU
		{E5FD1D1A-DAD7-44F3-B912-70E408AE98E9}.Release|x64.ActiveCfg = Release|Any CPU
		{E5FD1D1A-DAD7-44F3-B912-70E408AE98E9}.Release|x64.Build.0 = Release|Any CPU
		{E5FD1D1A-DAD7-44F3-B912-70E408AE98E9}.Release|x86.ActiveCfg = Release|Any CPU
		{E5FD1D1A-DAD7-44F3-B912-70E408AE98E9}.Release|x86.Build.0 = Release|Any CPU
		{CE432231-9B12-4CE7-876D-10E1076E16ED}.Debug|Any CPU.ActiveCfg = Debug|Any CPU
		{CE432231-9B12-4CE7-876D-10E1076E16ED}.Debug|Any CPU.Build.0 = Debug|Any CPU
		{CE432231-9B12-4CE7-876D-10E1076E16ED}.Debug|x64.ActiveCfg = Debug|Any CPU
		{CE432231-9B12-4CE7-876D-10E1076E16ED}.Debug|x64.Build.0 = Debug|Any CPU
		{CE432231-9B12-4CE7-876D-10E1076E16ED}.Debug|x86.ActiveCfg = Debug|Any CPU
		{CE432231-9B12-4CE7-876D-10E1076E16ED}.Debug|x86.Build.0 = Debug|Any CPU
		{CE432231-9B12-4CE7-876D-10E1076E16ED}.Release|Any CPU.ActiveCfg = Release|Any CPU
		{CE432231-9B12-4CE7-876D-10E1076E16ED}.Release|Any CPU.Build.0 = Release|Any CPU
		{CE432231-9B12-4CE7-876D-10E1076E16ED}.Release|x64.ActiveCfg = Release|Any CPU
		{CE432231-9B12-4CE7-876D-10E1076E16ED}.Release|x64.Build.0 = Release|Any CPU
		{CE432231-9B12-4CE7-876D-10E1076E16ED}.Release|x86.ActiveCfg = Release|Any CPU
		{CE432231-9B12-4CE7-876D-10E1076E16ED}.Release|x86.Build.0 = Release|Any CPU
		{87EFE7E5-8B9C-4427-BA12-E7E833395515}.Debug|Any CPU.ActiveCfg = Debug|Any CPU
		{87EFE7E5-8B9C-4427-BA12-E7E833395515}.Debug|Any CPU.Build.0 = Debug|Any CPU
		{87EFE7E5-8B9C-4427-BA12-E7E833395515}.Debug|x64.ActiveCfg = Debug|Any CPU
		{87EFE7E5-8B9C-4427-BA12-E7E833395515}.Debug|x64.Build.0 = Debug|Any CPU
		{87EFE7E5-8B9C-4427-BA12-E7E833395515}.Debug|x86.ActiveCfg = Debug|Any CPU
		{87EFE7E5-8B9C-4427-BA12-E7E833395515}.Debug|x86.Build.0 = Debug|Any CPU
		{87EFE7E5-8B9C-4427-BA12-E7E833395515}.Release|Any CPU.ActiveCfg = Release|Any CPU
		{87EFE7E5-8B9C-4427-BA12-E7E833395515}.Release|Any CPU.Build.0 = Release|Any CPU
		{87EFE7E5-8B9C-4427-BA12-E7E833395515}.Release|x64.ActiveCfg = Release|Any CPU
		{87EFE7E5-8B9C-4427-BA12-E7E833395515}.Release|x64.Build.0 = Release|Any CPU
		{87EFE7E5-8B9C-4427-BA12-E7E833395515}.Release|x86.ActiveCfg = Release|Any CPU
		{87EFE7E5-8B9C-4427-BA12-E7E833395515}.Release|x86.Build.0 = Release|Any CPU
		{1654C95A-6CE8-42D3-B434-91F50D584583}.Debug|Any CPU.ActiveCfg = Debug|Any CPU
		{1654C95A-6CE8-42D3-B434-91F50D584583}.Debug|Any CPU.Build.0 = Debug|Any CPU
		{1654C95A-6CE8-42D3-B434-91F50D584583}.Debug|x64.ActiveCfg = Debug|Any CPU
		{1654C95A-6CE8-42D3-B434-91F50D584583}.Debug|x64.Build.0 = Debug|Any CPU
		{1654C95A-6CE8-42D3-B434-91F50D584583}.Debug|x86.ActiveCfg = Debug|Any CPU
		{1654C95A-6CE8-42D3-B434-91F50D584583}.Debug|x86.Build.0 = Debug|Any CPU
		{1654C95A-6CE8-42D3-B434-91F50D584583}.Release|Any CPU.ActiveCfg = Release|Any CPU
		{1654C95A-6CE8-42D3-B434-91F50D584583}.Release|Any CPU.Build.0 = Release|Any CPU
		{1654C95A-6CE8-42D3-B434-91F50D584583}.Release|x64.ActiveCfg = Release|Any CPU
		{1654C95A-6CE8-42D3-B434-91F50D584583}.Release|x64.Build.0 = Release|Any CPU
		{1654C95A-6CE8-42D3-B434-91F50D584583}.Release|x86.ActiveCfg = Release|Any CPU
		{1654C95A-6CE8-42D3-B434-91F50D584583}.Release|x86.Build.0 = Release|Any CPU
		{4CC3FA07-C819-4B30-9EE2-1CF726A8A1F7}.Debug|Any CPU.ActiveCfg = Debug|Any CPU
		{4CC3FA07-C819-4B30-9EE2-1CF726A8A1F7}.Debug|Any CPU.Build.0 = Debug|Any CPU
		{4CC3FA07-C819-4B30-9EE2-1CF726A8A1F7}.Debug|x64.ActiveCfg = Debug|Any CPU
		{4CC3FA07-C819-4B30-9EE2-1CF726A8A1F7}.Debug|x64.Build.0 = Debug|Any CPU
		{4CC3FA07-C819-4B30-9EE2-1CF726A8A1F7}.Debug|x86.ActiveCfg = Debug|Any CPU
		{4CC3FA07-C819-4B30-9EE2-1CF726A8A1F7}.Debug|x86.Build.0 = Debug|Any CPU
		{4CC3FA07-C819-4B30-9EE2-1CF726A8A1F7}.Release|Any CPU.ActiveCfg = Release|Any CPU
		{4CC3FA07-C819-4B30-9EE2-1CF726A8A1F7}.Release|Any CPU.Build.0 = Release|Any CPU
		{4CC3FA07-C819-4B30-9EE2-1CF726A8A1F7}.Release|x64.ActiveCfg = Release|Any CPU
		{4CC3FA07-C819-4B30-9EE2-1CF726A8A1F7}.Release|x64.Build.0 = Release|Any CPU
		{4CC3FA07-C819-4B30-9EE2-1CF726A8A1F7}.Release|x86.ActiveCfg = Release|Any CPU
		{4CC3FA07-C819-4B30-9EE2-1CF726A8A1F7}.Release|x86.Build.0 = Release|Any CPU
		{397BED37-9DFF-4449-B291-8727B3C25B65}.Debug|Any CPU.ActiveCfg = Debug|Any CPU
		{397BED37-9DFF-4449-B291-8727B3C25B65}.Debug|Any CPU.Build.0 = Debug|Any CPU
		{397BED37-9DFF-4449-B291-8727B3C25B65}.Debug|x64.ActiveCfg = Debug|Any CPU
		{397BED37-9DFF-4449-B291-8727B3C25B65}.Debug|x64.Build.0 = Debug|Any CPU
		{397BED37-9DFF-4449-B291-8727B3C25B65}.Debug|x86.ActiveCfg = Debug|Any CPU
		{397BED37-9DFF-4449-B291-8727B3C25B65}.Debug|x86.Build.0 = Debug|Any CPU
		{397BED37-9DFF-4449-B291-8727B3C25B65}.Release|Any CPU.ActiveCfg = Release|Any CPU
		{397BED37-9DFF-4449-B291-8727B3C25B65}.Release|Any CPU.Build.0 = Release|Any CPU
		{397BED37-9DFF-4449-B291-8727B3C25B65}.Release|x64.ActiveCfg = Release|Any CPU
		{397BED37-9DFF-4449-B291-8727B3C25B65}.Release|x64.Build.0 = Release|Any CPU
		{397BED37-9DFF-4449-B291-8727B3C25B65}.Release|x86.ActiveCfg = Release|Any CPU
		{397BED37-9DFF-4449-B291-8727B3C25B65}.Release|x86.Build.0 = Release|Any CPU
	EndGlobalSection
	GlobalSection(SolutionProperties) = preSolution
		HideSolutionNode = FALSE
	EndGlobalSection
EndGlobal
